
Microsoft Visual Studio Solution File, Format Version 12.00
# Visual Studio Version 17
VisualStudioVersion = 17.10.35013.160
MinimumVisualStudioVersion = 10.0.40219.1
Project("{888888A0-9F3D-457C-B088-3A5042F75D52}") = "BasicProject", "BasicProject\BasicProject.pyproj", "{30D0CC1B-6899-40DD-9297-DB6C8D2782A9}"
EndProject
Global
	GlobalSection(SolutionConfigurationPlatforms) = preSolution
		Debug|Any CPU = Debug|Any CPU
		Release|Any CPU = Release|Any CPU
	EndGlobalSection
	GlobalSection(ProjectConfigurationPlatforms) = postSolution
		{30D0CC1B-6899-40DD-9297-DB6C8D2782A9}.Debug|Any CPU.ActiveCfg = Debug|Any CPU
		{30D0CC1B-6899-40DD-9297-DB6C8D2782A9}.Debug|Any CPU.Build.0 = Debug|Any CPU
		{30D0CC1B-6899-40DD-9297-DB6C8D2782A9}.Release|Any CPU.ActiveCfg = Release|Any CPU
		{30D0CC1B-6899-40DD-9297-DB6C8D2782A9}.Release|Any CPU.Build.0 = Release|Any CPU
	EndGlobalSection
	GlobalSection(SolutionProperties) = preSolution
		HideSolutionNode = FALSE
	EndGlobalSection
	GlobalSection(ExtensibilityGlobals) = postSolution
		SolutionGuid = {CC264DF7-29BA-434B-B92A-FF317CC5B041}
	EndGlobalSection
EndGlobal
